
Microsoft Visual Studio Solution File, Format Version 12.00
# Visual Studio Version 16
VisualStudioVersion = 16.0.30011.22
MinimumVisualStudioVersion = 10.0.40219.1
Project("{FAE04EC0-301F-11D3-BF4B-00C04F79EFBC}") = "EqualButtons", "EqualButtons\EqualButtons.csproj", "{A29902C8-38DC-44DC-A20E-8E965E4BD3C8}"
EndProject
Project("{FAE04EC0-301F-11D3-BF4B-00C04F79EFBC}") = "EqualStrings", "EqualStrings\EqualStrings.csproj", "{8ECAEBBE-B143-4B0B-8359-481DC9EFF32B}"
EndProject
Global
	GlobalSection(SolutionConfigurationPlatforms) = preSolution
		Debug|Any CPU = Debug|Any CPU
		Release|Any CPU = Release|Any CPU
	EndGlobalSection
	GlobalSection(ProjectConfigurationPlatforms) = postSolution
		{A29902C8-38DC-44DC-A20E-8E965E4BD3C8}.Debug|Any CPU.ActiveCfg = Debug|Any CPU
		{A29902C8-38DC-44DC-A20E-8E965E4BD3C8}.Debug|Any CPU.Build.0 = Debug|Any CPU
		{A29902C8-38DC-44DC-A20E-8E965E4BD3C8}.Release|Any CPU.ActiveCfg = Release|Any CPU
		{A29902C8-38DC-44DC-A20E-8E965E4BD3C8}.Release|Any CPU.Build.0 = Release|Any CPU
		{8ECAEBBE-B143-4B0B-8359-481DC9EFF32B}.Debug|Any CPU.ActiveCfg = Debug|Any CPU
		{8ECAEBBE-B143-4B0B-8359-481DC9EFF32B}.Debug|Any CPU.Build.0 = Debug|Any CPU
		{8ECAEBBE-B143-4B0B-8359-481DC9EFF32B}.Release|Any CPU.ActiveCfg = Release|Any CPU
		{8ECAEBBE-B143-4B0B-8359-481DC9EFF32B}.Release|Any CPU.Build.0 = Release|Any CPU
	EndGlobalSection
	GlobalSection(SolutionProperties) = preSolution
		HideSolutionNode = FALSE
	EndGlobalSection
	GlobalSection(ExtensibilityGlobals) = postSolution
		SolutionGuid = {487B9CBB-408F-4A06-BEA6-46F2618A3EC0}
	EndGlobalSection
EndGlobal
